# @generated - this file is auto-generated by `mise lock` https://mise.jdx.dev/dev-tools/mise-lock.html

[[tools."aqua:google/osv-scanner"]]
version = "2.5.1"
backend = "aqua:google/osv-scanner"

[tools."aqua:google/osv-scanner"."platforms.linux-arm64"]
checksum = "sha256:3d0f5aa5a6baa8eb32bcef247388e149ef6030a6634ccae6fa0d62681fb27a6d"
url = "https://github.com/google/osv-scanner/releases/download/v2.5.1/osv-scanner_linux_arm64"
url_api = "https://api.github.com/repos/google/osv-scanner/releases/assets/517615386"

[tools."aqua:google/osv-scanner"."platforms.linux-arm64".provenance.slsa]
url = "https://github.com/google/osv-scanner/releases/download/v2.5.1/multiple.intoto.jsonl"

[tools."aqua:google/osv-scanner"."platforms.linux-arm64-musl"]
checksum = "sha256:3d0f5aa5a6baa8eb32bcef247388e149ef6030a6634ccae6fa0d62681fb27a6d"
url = "https://github.com/google/osv-scanner/releases/download/v2.5.1/osv-scanner_linux_arm64"
url_api = "https://api.github.com/repos/google/osv-scanner/releases/assets/517615386"

[tools."aqua:google/osv-scanner"."platforms.linux-arm64-musl".provenance.slsa]
url = "https://github.com/google/osv-scanner/releases/download/v2.5.1/multiple.intoto.jsonl"

[tools."aqua:google/osv-scanner"."platforms.linux-x64"]
checksum = "sha256:f9f25499a2c8cc367b3af45df2ea7eeca7fbccceab9c35079968f4b3652194be"
url = "https://github.com/google/osv-scanner/releases/download/v2.5.1/osv-scanner_linux_amd64"
url_api = "https://api.github.com/repos/google/osv-scanner/releases/assets/517615411"

[tools."aqua:google/osv-scanner"."platforms.linux-x64".provenance.slsa]
url = "https://github.com/google/osv-scanner/releases/download/v2.5.1/multiple.intoto.jsonl"

[tools."aqua:google/osv-scanner"."platforms.linux-x64-musl"]
checksum = "sha256:f9f25499a2c8cc367b3af45df2ea7eeca7fbccceab9c35079968f4b3652194be"
url = "https://github.com/google/osv-scanner/releases/download/v2.5.1/osv-scanner_linux_amd64"
url_api = "https://api.github.com/repos/google/osv-scanner/releases/assets/517615411"

[tools."aqua:google/osv-scanner"."platforms.linux-x64-musl".provenance.slsa]
url = "https://github.com/google/osv-scanner/releases/download/v2.5.1/multiple.intoto.jsonl"

[tools."aqua:google/osv-scanner"."platforms.macos-arm64"]
checksum = "sha256:75c44d6332f892a1e56286f4105a98ed751ae28d215ca0a8b65cc00d84103054"
url = "https://github.com/google/osv-scanner/releases/download/v2.5.1/osv-scanner_darwin_arm64"
url_api = "https://api.github.com/repos/google/osv-scanner/releases/assets/517615384"

[tools."aqua:google/osv-scanner"."platforms.macos-arm64".provenance.slsa]
url = "https://github.com/google/osv-scanner/releases/download/v2.5.1/multiple.intoto.jsonl"

[tools."aqua:google/osv-scanner"."platforms.macos-x64"]
checksum = "sha256:9f89beb6c3d784893cb1cae0a3d56c529bfe91075418c2f9440c45b79654198b"
url = "https://github.com/google/osv-scanner/releases/download/v2.5.1/osv-scanner_darwin_amd64"
url_api = "https://api.github.com/repos/google/osv-scanner/releases/assets/517615385"

[tools."aqua:google/osv-scanner"."platforms.macos-x64".provenance.slsa]
url = "https://github.com/google/osv-scanner/releases/download/v2.5.1/multiple.intoto.jsonl"

[tools."aqua:google/osv-scanner"."platforms.windows-x64"]
checksum = "sha256:25e42f5ef6711fd8c0fb45390972205891dd44c6bd02ac93f0f63e8e98d9bfb6"
url = "https://github.com/google/osv-scanner/releases/download/v2.5.1/osv-scanner_windows_amd64.exe"
url_api = "https://api.github.com/repos/google/osv-scanner/releases/assets/517615387"

[tools."aqua:google/osv-scanner"."platforms.windows-x64".provenance.slsa]
url = "https://github.com/google/osv-scanner/releases/download/v2.5.1/multiple.intoto.jsonl"

[[tools."aqua:kubescape/kubescape"]]
version = "4.0.14"
backend = "aqua:kubescape/kubescape"

[tools."aqua:kubescape/kubescape"."platforms.linux-arm64"]
checksum = "sha256:e12d63d6b9cd28f57ba7cd2130528d4147448779ecec9da07f06c3baa4153117"
url = "https://github.com/kubescape/kubescape/releases/download/v4.0.14/kubescape_4.0.14_linux_arm64.tar.gz"
url_api = "https://api.github.com/repos/kubescape/kubescape/releases/assets/552740165"
provenance = "github-attestations"

[tools."aqua:kubescape/kubescape"."platforms.linux-arm64-musl"]
checksum = "sha256:e12d63d6b9cd28f57ba7cd2130528d4147448779ecec9da07f06c3baa4153117"
url = "https://github.com/kubescape/kubescape/releases/download/v4.0.14/kubescape_4.0.14_linux_arm64.tar.gz"
url_api = "https://api.github.com/repos/kubescape/kubescape/releases/assets/552740165"
provenance = "github-attestations"

[tools."aqua:kubescape/kubescape"."platforms.linux-x64"]
checksum = "sha256:1d253b70f88e80b74f68af73ccd422f897381468300be7cc486fdd656d907a40"
url = "https://github.com/kubescape/kubescape/releases/download/v4.0.14/kubescape_4.0.14_linux_amd64.tar.gz"
url_api = "https://api.github.com/repos/kubescape/kubescape/releases/assets/552740163"
provenance = "github-attestations"

[tools."aqua:kubescape/kubescape"."platforms.linux-x64-musl"]
checksum = "sha256:1d253b70f88e80b74f68af73ccd422f897381468300be7cc486fdd656d907a40"
url = "https://github.com/kubescape/kubescape/releases/download/v4.0.14/kubescape_4.0.14_linux_amd64.tar.gz"
url_api = "https://api.github.com/repos/kubescape/kubescape/releases/assets/552740163"
provenance = "github-attestations"

[tools."aqua:kubescape/kubescape"."platforms.macos-arm64"]
checksum = "sha256:a7bb2e259371cc3be49bf61a8e4d3a74ff7395979d4b4c8ce195503f00aa3721"
url = "https://github.com/kubescape/kubescape/releases/download/v4.0.14/kubescape_4.0.14_darwin_arm64.tar.gz"
url_api = "https://api.github.com/repos/kubescape/kubescape/releases/assets/552740174"
provenance = "github-attestations"

[tools."aqua:kubescape/kubescape"."platforms.macos-x64"]
checksum = "sha256:6ef9090843b7e439c7ed6f02c9f63276f82c924199fc9fb386749ee0d113895b"
url = "https://github.com/kubescape/kubescape/releases/download/v4.0.14/kubescape_4.0.14_darwin_amd64.tar.gz"
url_api = "https://api.github.com/repos/kubescape/kubescape/releases/assets/552740164"
provenance = "github-attestations"

[tools."aqua:kubescape/kubescape"."platforms.windows-x64"]
checksum = "sha256:ce0da40ea0cd76230b4d1cadd9f8b2a726ffb3b1c49cfcddb6837523c23e9a3a"
url = "https://github.com/kubescape/kubescape/releases/download/v4.0.14/kubescape_4.0.14_windows_amd64.tar.gz"
url_api = "https://api.github.com/repos/kubescape/kubescape/releases/assets/552740170"
provenance = "github-attestations"

[[tools."aqua:mikefarah/yq"]]
version = "4.53.6"
backend = "aqua:mikefarah/yq"

[tools."aqua:mikefarah/yq"."platforms.linux-arm64"]
checksum = "sha256:88a1016bc1d657375a35864e4f44b6f333df8ff97b559f51bba0adcb2169df09"
url = "https://github.com/mikefarah/yq/releases/download/v4.53.6/yq_linux_arm64"
url_api = "https://api.github.com/repos/mikefarah/yq/releases/assets/522028007"
provenance = "cosign"

[tools."aqua:mikefarah/yq"."platforms.linux-arm64-musl"]
checksum = "sha256:88a1016bc1d657375a35864e4f44b6f333df8ff97b559f51bba0adcb2169df09"
url = "https://github.com/mikefarah/yq/releases/download/v4.53.6/yq_linux_arm64"
url_api = "https://api.github.com/repos/mikefarah/yq/releases/assets/522028007"
provenance = "cosign"

[tools."aqua:mikefarah/yq"."platforms.linux-x64"]
checksum = "sha256:c5f056448f973ae7d39b5401949648a78f2dc1947d6a8eb65be60d5c504b9385"
url = "https://github.com/mikefarah/yq/releases/download/v4.53.6/yq_linux_amd64"
url_api = "https://api.github.com/repos/mikefarah/yq/releases/assets/522028022"
provenance = "cosign"

[tools."aqua:mikefarah/yq"."platforms.linux-x64-musl"]
checksum = "sha256:c5f056448f973ae7d39b5401949648a78f2dc1947d6a8eb65be60d5c504b9385"
url = "https://github.com/mikefarah/yq/releases/download/v4.53.6/yq_linux_amd64"
url_api = "https://api.github.com/repos/mikefarah/yq/releases/assets/522028022"
provenance = "cosign"

[tools."aqua:mikefarah/yq"."platforms.macos-arm64"]
checksum = "sha256:cceb0b8d71ea5294334121f8429f33f92b920e7217d904a2f9f35443968ac424"
url = "https://github.com/mikefarah/yq/releases/download/v4.53.6/yq_darwin_arm64"
url_api = "https://api.github.com/repos/mikefarah/yq/releases/assets/522028033"
provenance = "cosign"

[tools."aqua:mikefarah/yq"."platforms.macos-x64"]
checksum = "sha256:caa513cb04f3804b34d4752f0e0d7904fecb9e7cf1d34081289f83259319a7f6"
url = "https://github.com/mikefarah/yq/releases/download/v4.53.6/yq_darwin_amd64"
url_api = "https://api.github.com/repos/mikefarah/yq/releases/assets/522028031"
provenance = "cosign"

[tools."aqua:mikefarah/yq"."platforms.windows-x64"]
checksum = "sha256:ece3dd8bb50d39f93610506273ea262feb91e5c486bbddbb10abf91b2a6c0f14"
url = "https://github.com/mikefarah/yq/releases/download/v4.53.6/yq_windows_amd64.exe"
url_api = "https://api.github.com/repos/mikefarah/yq/releases/assets/522027974"
provenance = "cosign"

[[tools."go:golang.org/x/perf/cmd/benchstat"]]
version = "0.0.0-20260709024250-82a0b07e230d"
backend = "go:golang.org/x/perf/cmd/benchstat"

[[tools."go:sigs.k8s.io/controller-runtime/tools/setup-envtest"]]
version = "0.25.0"
backend = "go:sigs.k8s.io/controller-runtime/tools/setup-envtest"

[[tools."go:sigs.k8s.io/controller-tools/cmd/controller-gen"]]
version = "0.22.0"
backend = "go:sigs.k8s.io/controller-tools/cmd/controller-gen"
